
Microsoft Visual Studio Solution File, Format Version 12.00
# Visual Studio 15
VisualStudioVersion = 15.0.26228.9
MinimumVisualStudioVersion = 10.0.40219.1
Project("{FAE04EC0-301F-11D3-BF4B-00C04F79EFBC}") = "06. Replace a Tag", "06. Replace a Tag\06. Replace a Tag.csproj", "{E4039536-F54F-4559-9749-45EBBF74EB33}"
EndProject
Project("{FAE04EC0-301F-11D3-BF4B-00C04F79EFBC}") = "01. Match Full Name", "01. Match Full Name\01. Match Full Name.csproj", "{5CC26F7B-E023-45B3-8B69-506D33A5C58E}"
EndProject
Project("{FAE04EC0-301F-11D3-BF4B-00C04F79EFBC}") = "02. Match Phone Number", "02. Match Phone Number\02. Match Phone Number.csproj", "{40FB90AD-C13A-4A5C-9FD7-8B74886925D3}"
EndProject
Project("{FAE04EC0-301F-11D3-BF4B-00C04F79EFBC}") = "03. Match Hexadecimal Numbers", "03. Match Hexadecimal Numbers\03. Match Hexadecimal Numbers.csproj", "{CB04A39F-5AC0-4581-B10F-9A50446E749F}"
EndProject
Project("{FAE04EC0-301F-11D3-BF4B-00C04F79EFBC}") = "04. Match Dates", "04. Match Dates\04. Match Dates.csproj", "{A448D112-ABB8-4A0A-90C8-55240B7D7B00}"
EndProject
Project("{FAE04EC0-301F-11D3-BF4B-00C04F79EFBC}") = "05. Match Numbers", "05. Match Numbers\05. Match Numbers.csproj", "{4B2A44A6-41E4-4F89-A77A-434C2F96132E}"
EndProject
Global
	GlobalSection(SolutionConfigurationPlatforms) = preSolution
		Debug|Any CPU = Debug|Any CPU
		Release|Any CPU = Release|Any CPU
	EndGlobalSection
	GlobalSection(ProjectConfigurationPlatforms) = postSolution
		{E4039536-F54F-4559-9749-45EBBF74EB33}.Debug|Any CPU.ActiveCfg = Debug|Any CPU
		{E4039536-F54F-4559-9749-45EBBF74EB33}.Debug|Any CPU.Build.0 = Debug|Any CPU
		{E4039536-F54F-4559-9749-45EBBF74EB33}.Release|Any CPU.ActiveCfg = Release|Any CPU
		{E4039536-F54F-4559-9749-45EBBF74EB33}.Release|Any CPU.Build.0 = Release|Any CPU
		{5CC26F7B-E023-45B3-8B69-506D33A5C58E}.Debug|Any CPU.ActiveCfg = Debug|Any CPU
		{5CC26F7B-E023-45B3-8B69-506D33A5C58E}.Debug|Any CPU.Build.0 = Debug|Any CPU
		{5CC26F7B-E023-45B3-8B69-506D33A5C58E}.Release|Any CPU.ActiveCfg = Release|Any CPU
		{5CC26F7B-E023-45B3-8B69-506D33A5C58E}.Release|Any CPU.Build.0 = Release|Any CPU
		{40FB90AD-C13A-4A5C-9FD7-8B74886925D3}.Debug|Any CPU.ActiveCfg = Debug|Any CPU
		{40FB90AD-C13A-4A5C-9FD7-8B74886925D3}.Debug|Any CPU.Build.0 = Debug|Any CPU
		{40FB90AD-C13A-4A5C-9FD7-8B74886925D3}.Release|Any CPU.ActiveCfg = Release|Any CPU
		{40FB90AD-C13A-4A5C-9FD7-8B74886925D3}.Release|Any CPU.Build.0 = Release|Any CPU
		{CB04A39F-5AC0-4581-B10F-9A50446E749F}.Debug|Any CPU.ActiveCfg = Debug|Any CPU
		{CB04A39F-5AC0-4581-B10F-9A50446E749F}.Debug|Any CPU.Build.0 = Debug|Any CPU
		{CB04A39F-5AC0-4581-B10F-9A50446E749F}.Release|Any CPU.ActiveCfg = Release|Any CPU
		{CB04A39F-5AC0-4581-B10F-9A50446E749F}.Release|Any CPU.Build.0 = Release|Any CPU
		{A448D112-ABB8-4A0A-90C8-55240B7D7B00}.Debug|Any CPU.ActiveCfg = Debug|Any CPU
		{A448D112-ABB8-4A0A-90C8-55240B7D7B00}.Debug|Any CPU.Build.0 = Debug|Any CPU
		{A448D112-ABB8-4A0A-90C8-55240B7D7B00}.Release|Any CPU.ActiveCfg = Release|Any CPU
		{A448D112-ABB8-4A0A-90C8-55240B7D7B00}.Release|Any CPU.Build.0 = Release|Any CPU
		{4B2A44A6-41E4-4F89-A77A-434C2F96132E}.Debug|Any CPU.ActiveCfg = Debug|Any CPU
		{4B2A44A6-41E4-4F89-A77A-434C2F96132E}.Debug|Any CPU.Build.0 = Debug|Any CPU
		{4B2A44A6-41E4-4F89-A77A-434C2F96132E}.Release|Any CPU.ActiveCfg = Release|Any CPU
		{4B2A44A6-41E4-4F89-A77A-434C2F96132E}.Release|Any CPU.Build.0 = Release|Any CPU
	EndGlobalSection
	GlobalSection(SolutionProperties) = preSolution
		HideSolutionNode = FALSE
	EndGlobalSection
EndGlobal
